{
  "name": "scratch-xss",
  "lockfileVersion": 3,
  "requires": true,
  "packages": {
    "": {
      "name": "scratch-xss",
      "dependencies": {
        "zip-a-folder": "^6.1.1"
      }
    },
    "node_modules/fdir": {
      "version": "6.5.0",
      "resolved": "https://registry.npmjs.org/fdir/-/fdir-6.5.0.tgz",
      "integrity": "sha512-tIbYtZbucOs0BRGqPJkshJUYdL+SDH7dVM8gjy+ERp3WAUjLEFJE+02kanyHtwjWOnwrKYBiwAmM0p4kLJAnXg==",
      "license": "MIT",
      "engines": {
        "node": ">=12.0.0"
      },
      "peerDependencies": {
        "picomatch": "^3 || ^4"
      },
      "peerDependenciesMeta": {
        "picomatch": {
          "optional": true
        }
      }
    },
    "node_modules/lzma": {
      "version": "2.3.2",
      "resolved": "https://registry.npmjs.org/lzma/-/lzma-2.3.2.tgz",
      "integrity": "sha512-DcfiawQ1avYbW+hsILhF38IKAlnguc/fjHrychs9hdxe4qLykvhT5VTGNs5YRWgaNePh7NTxGD4uv4gKsRomCQ==",
      "license": "MIT",
      "bin": {
        "lzma.js": "bin/lzma.js"
      }
    },
    "node_modules/picomatch": {
      "version": "4.0.4",
      "resolved": "https://registry.npmjs.org/picomatch/-/picomatch-4.0.4.tgz",
      "integrity": "sha512-QP88BAKvMam/3NxH6vj2o21R6MjxZUAd6nlwAS/pnGvN9IVLocLHxGYIzFhg6fUQ+5th6P4dv4eW9jX3DSIj7A==",
      "license": "MIT",
      "engines": {
        "node": ">=12"
      },
      "funding": {
        "url": "https://github.com/sponsors/jonschlinkert"
      }
    },
    "node_modules/tinyglobby": {
      "version": "0.2.16",
      "resolved": "https://registry.npmjs.org/tinyglobby/-/tinyglobby-0.2.16.tgz",
      "integrity": "sha512-pn99VhoACYR8nFHhxqix+uvsbXineAasWm5ojXoN8xEwK5Kd3/TrhNn1wByuD52UxWRLy8pu+kRMniEi6Eq9Zg==",
      "license": "MIT",
      "dependencies": {
        "fdir": "^6.5.0",
        "picomatch": "^4.0.4"
      },
      "engines": {
        "node": ">=12.0.0"
      },
      "funding": {
        "url": "https://github.com/sponsors/SuperchupuDev"
      }
    },
    "node_modules/zip-a-folder": {
      "version": "6.1.1",
      "resolved": "https://registry.npmjs.org/zip-a-folder/-/zip-a-folder-6.1.1.tgz",
      "integrity": "sha512-8hjtUn4YQpj8HZvDwtGHhol27oDf+D1x70ldKwA3Bwru6gup62fDVrBTd+BC90/8REgjdCa5ep7EsBiGHudSdA==",
      "license": "MIT",
      "dependencies": {
        "lzma": "^2.3.2",
        "tinyglobby": "^0.2.16"
      },
      "bin": {
        "zip-a-folder": "dist/cli.mjs"
      }
    }
  }
}
